
Microsoft Visual Studio Solution File, Format Version 11.00
# Visual Studio 2010
Project("{FAE04EC0-301F-11D3-BF4B-00C04F79EFBC}") = "ritao-kjt-web", "ritao-kjt-web\ritao-kjt-web.csproj", "{9D2DA471-346C-4F5B-BAEC-6F628A9FBD18}"
EndProject
Global
	GlobalSection(SolutionConfigurationPlatforms) = preSolution
		Debug|Any CPU = Debug|Any CPU
		Release|Any CPU = Release|Any CPU
	EndGlobalSection
	GlobalSection(ProjectConfigurationPlatforms) = postSolution
		{9D2DA471-346C-4F5B-BAEC-6F628A9FBD18}.Debug|Any CPU.ActiveCfg = Debug|Any CPU
		{9D2DA471-346C-4F5B-BAEC-6F628A9FBD18}.Debug|Any CPU.Build.0 = Debug|Any CPU
		{9D2DA471-346C-4F5B-BAEC-6F628A9FBD18}.Release|Any CPU.ActiveCfg = Release|Any CPU
		{9D2DA471-346C-4F5B-BAEC-6F628A9FBD18}.Release|Any CPU.Build.0 = Release|Any CPU
	EndGlobalSection
	GlobalSection(SolutionProperties) = preSolution
		HideSolutionNode = FALSE
	EndGlobalSection
EndGlobal
